
Microsoft Visual Studio Solution File, Format Version 12.00
# Visual Studio Version 16
VisualStudioVersion = 16.0.31729.503
MinimumVisualStudioVersion = 10.0.40219.1
Project("{FAE04EC0-301F-11D3-BF4B-00C04F79EFBC}") = "HomeWorkOfLesson27", "HomeWorkOfLesson27.csproj", "{D4E9AA5E-A029-4972-8A3D-4CA8A44DEABE}"
EndProject
Global
	GlobalSection(SolutionConfigurationPlatforms) = preSolution
		Debug|Any CPU = Debug|Any CPU
		Release|Any CPU = Release|Any CPU
	EndGlobalSection
	GlobalSection(ProjectConfigurationPlatforms) = postSolution
		{D4E9AA5E-A029-4972-8A3D-4CA8A44DEABE}.Debug|Any CPU.ActiveCfg = Debug|Any CPU
		{D4E9AA5E-A029-4972-8A3D-4CA8A44DEABE}.Debug|Any CPU.Build.0 = Debug|Any CPU
		{D4E9AA5E-A029-4972-8A3D-4CA8A44DEABE}.Release|Any CPU.ActiveCfg = Release|Any CPU
		{D4E9AA5E-A029-4972-8A3D-4CA8A44DEABE}.Release|Any CPU.Build.0 = Release|Any CPU
	EndGlobalSection
	GlobalSection(SolutionProperties) = preSolution
		HideSolutionNode = FALSE
	EndGlobalSection
	GlobalSection(ExtensibilityGlobals) = postSolution
		SolutionGuid = {F5B0F64C-51E5-49BB-9621-314811ECA9E4}
	EndGlobalSection
EndGlobal
